// !$*UTF8*$!
{
	archiveVersion = 1;
	classes = {
	};
	objectVersion = 56;
	objects = {

/* Begin PBXBuildFile section */
		56049F512C33A0E2008728A5 /* DayPlan.swift in Sources */ = {isa = PBXBuildFile; fileRef = 56049F502C33A0E2008728A5 /* DayPlan.swift */; };
		56049F562C34845A008728A5 /* WorkoutBuilderView.swift in Sources */ = {isa = PBXBuildFile; fileRef = 56049F552C34845A008728A5 /* WorkoutBuilderView.swift */; };
		56049F582C3485DC008728A5 /* Montserrat-SemiBold.ttf in Resources */ = {isa = PBXBuildFile; fileRef = 56049F572C3485DC008728A5 /* Montserrat-SemiBold.ttf */; };
		56049F5A2C348AA4008728A5 /* WorkoutBuilderViewModel.swift in Sources */ = {isa = PBXBuildFile; fileRef = 56049F592C348AA4008728A5 /* WorkoutBuilderViewModel.swift */; };
		56049F602C34B3EB008728A5 /* Cabin-Bold.ttf in Resources */ = {isa = PBXBuildFile; fileRef = 56049F5F2C34B3EB008728A5 /* Cabin-Bold.ttf */; };
		56049F642C35CA07008728A5 /* AddExerciseCell.swift in Sources */ = {isa = PBXBuildFile; fileRef = 56049F632C35CA07008728A5 /* AddExerciseCell.swift */; };
		56049F662C35CF9B008728A5 /* ExerciseCell.swift in Sources */ = {isa = PBXBuildFile; fileRef = 56049F652C35CF9B008728A5 /* ExerciseCell.swift */; };
		56049F682C35D48E008728A5 /* Exercise.swift in Sources */ = {isa = PBXBuildFile; fileRef = 56049F672C35D48E008728A5 /* Exercise.swift */; };
		56049F6A2C35F649008728A5 /* MainCoordination.swift in Sources */ = {isa = PBXBuildFile; fileRef = 56049F692C35F649008728A5 /* MainCoordination.swift */; };
		56049F6E2C41F103008728A5 /* ValueSubject.swift in Sources */ = {isa = PBXBuildFile; fileRef = 56049F6D2C41F103008728A5 /* ValueSubject.swift */; };
		56049F702C41F43C008728A5 /* ValueSubject+Extensions.swift in Sources */ = {isa = PBXBuildFile; fileRef = 56049F6F2C41F43C008728A5 /* ValueSubject+Extensions.swift */; };
		56049FCA2C45C7F4008728A5 /* NavigationBar+Modifier.swift in Sources */ = {isa = PBXBuildFile; fileRef = 56049FC92C45C7F4008728A5 /* NavigationBar+Modifier.swift */; };
		56049FCC2C45CDA4008728A5 /* VoidClosure.swift in Sources */ = {isa = PBXBuildFile; fileRef = 56049FCB2C45CDA4008728A5 /* VoidClosure.swift */; };
		56049FCF2C4617CC008728A5 /* ExerciseSelectorView.swift in Sources */ = {isa = PBXBuildFile; fileRef = 56049FCE2C4617CC008728A5 /* ExerciseSelectorView.swift */; };
		56049FD12C4617DA008728A5 /* ExerciseSelectorViewModel.swift in Sources */ = {isa = PBXBuildFile; fileRef = 56049FD02C4617DA008728A5 /* ExerciseSelectorViewModel.swift */; };
		56049FD42C46FB7A008728A5 /* SearchBar.swift in Sources */ = {isa = PBXBuildFile; fileRef = 56049FD32C46FB7A008728A5 /* SearchBar.swift */; };
		56049FD82C47473B008728A5 /* FilterButton.swift in Sources */ = {isa = PBXBuildFile; fileRef = 56049FD72C47473B008728A5 /* FilterButton.swift */; };
		5604D0512C2F4651006B8BE6 /* InfiniteScroll.swift in Sources */ = {isa = PBXBuildFile; fileRef = 5604D04F2C2F4651006B8BE6 /* InfiniteScroll.swift */; };
		5604D0522C2F4651006B8BE6 /* AutoInfiniteScroll.swift in Sources */ = {isa = PBXBuildFile; fileRef = 5604D0502C2F4651006B8BE6 /* AutoInfiniteScroll.swift */; };
		5604D0552C2F4B22006B8BE6 /* HuggingGeometryModifier.swift in Sources */ = {isa = PBXBuildFile; fileRef = 5604D0542C2F4B22006B8BE6 /* HuggingGeometryModifier.swift */; };
		5604D0572C3343E7006B8BE6 /* DayPlanCell.swift in Sources */ = {isa = PBXBuildFile; fileRef = 5604D0562C3343E7006B8BE6 /* DayPlanCell.swift */; };
		5604D0592C33483F006B8BE6 /* Cabin-SemiBold.ttf in Resources */ = {isa = PBXBuildFile; fileRef = 5604D0582C33483F006B8BE6 /* Cabin-SemiBold.ttf */; };
		5604D05B2C334BE2006B8BE6 /* Date+Extensions.swift in Sources */ = {isa = PBXBuildFile; fileRef = 5604D05A2C334BE2006B8BE6 /* Date+Extensions.swift */; };
		565BA4632AF445D700A1E4AA /* Font+Fonts.swift in Sources */ = {isa = PBXBuildFile; fileRef = 565BA4622AF445D700A1E4AA /* Font+Fonts.swift */; };
		566C0B8E2C1A38B600C4AF95 /* Assets.xcassets in Resources */ = {isa = PBXBuildFile; fileRef = 566C0B8D2C1A38B600C4AF95 /* Assets.xcassets */; };
		566C0B912C1A3C3E00C4AF95 /* Image+Resources.swift in Sources */ = {isa = PBXBuildFile; fileRef = 566C0B902C1A3C3E00C4AF95 /* Image+Resources.swift */; };
		566C0B932C1A40AE00C4AF95 /* HomeTabView.swift in Sources */ = {isa = PBXBuildFile; fileRef = 566D86492AEE1E7000293167 /* HomeTabView.swift */; };
		566C0B952C1A420700C4AF95 /* WorkoutsTabView.swift in Sources */ = {isa = PBXBuildFile; fileRef = 566C0B942C1A420700C4AF95 /* WorkoutsTabView.swift */; };
		566D86392AEE158300293167 /* MainTabView.swift in Sources */ = {isa = PBXBuildFile; fileRef = 566D86382AEE158300293167 /* MainTabView.swift */; };
		566D863B2AEE158500293167 /* ColorPalette.xcassets in Resources */ = {isa = PBXBuildFile; fileRef = 566D863A2AEE158500293167 /* ColorPalette.xcassets */; };
		566D863E2AEE158500293167 /* Preview Assets.xcassets in Resources */ = {isa = PBXBuildFile; fileRef = 566D863D2AEE158500293167 /* Preview Assets.xcassets */; };
		566D86472AEE1E5800293167 /* CalendarTabView.swift in Sources */ = {isa = PBXBuildFile; fileRef = 566D86462AEE1E5800293167 /* CalendarTabView.swift */; };
		566D86532AEE224900293167 /* String+Localization.swift in Sources */ = {isa = PBXBuildFile; fileRef = 566D86522AEE224800293167 /* String+Localization.swift */; };
		566D86562AEE256400293167 /* Localizable.strings in Resources */ = {isa = PBXBuildFile; fileRef = 566D86582AEE256400293167 /* Localizable.strings */; };
		56BE88692C1B86AC005EFED9 /* Montserrat-ExtraBold.ttf in Resources */ = {isa = PBXBuildFile; fileRef = 56BE88682C1B86AC005EFED9 /* Montserrat-ExtraBold.ttf */; };
		56BE886D2C1B8D36005EFED9 /* WorkoutCell.swift in Sources */ = {isa = PBXBuildFile; fileRef = 56BE886C2C1B8D36005EFED9 /* WorkoutCell.swift */; };
		56BE886F2C1B9231005EFED9 /* Cabin-Medium.ttf in Resources */ = {isa = PBXBuildFile; fileRef = 56BE886E2C1B9231005EFED9 /* Cabin-Medium.ttf */; };
		56BE88712C1B9FD4005EFED9 /* Workout.swift in Sources */ = {isa = PBXBuildFile; fileRef = 56BE88702C1B9FD3005EFED9 /* Workout.swift */; };
		56BE88732C1BA035005EFED9 /* MuscleGroup.swift in Sources */ = {isa = PBXBuildFile; fileRef = 56BE88722C1BA035005EFED9 /* MuscleGroup.swift */; };
		56BE88752C1CC92A005EFED9 /* WorkoutStatus.swift in Sources */ = {isa = PBXBuildFile; fileRef = 56BE88742C1CC92A005EFED9 /* WorkoutStatus.swift */; };
		56BE88772C1CCAE4005EFED9 /* WorkoutStatus+Extension.swift in Sources */ = {isa = PBXBuildFile; fileRef = 56BE88762C1CCAE4005EFED9 /* WorkoutStatus+Extension.swift */; };
		56BE88792C1CCBB3005EFED9 /* Color+Resources.swift in Sources */ = {isa = PBXBuildFile; fileRef = 56BE88782C1CCBB3005EFED9 /* Color+Resources.swift */; };
		56BE887B2C20C622005EFED9 /* AddWorkoutCell.swift in Sources */ = {isa = PBXBuildFile; fileRef = 56BE887A2C20C622005EFED9 /* AddWorkoutCell.swift */; };
		56BE88802C20D207005EFED9 /* StyleManager.swift in Sources */ = {isa = PBXBuildFile; fileRef = 56BE887F2C20D207005EFED9 /* StyleManager.swift */; };
		56BE88822C21F522005EFED9 /* Cabin-Regular.ttf in Resources */ = {isa = PBXBuildFile; fileRef = 56BE88812C21F522005EFED9 /* Cabin-Regular.ttf */; };
		56BE88842C21F66F005EFED9 /* Montserrat-Bold.ttf in Resources */ = {isa = PBXBuildFile; fileRef = 56BE88832C21F66F005EFED9 /* Montserrat-Bold.ttf */; };
		56BE888A2C221F56005EFED9 /* View+Extensions.swift in Sources */ = {isa = PBXBuildFile; fileRef = 56BE88892C221F56005EFED9 /* View+Extensions.swift */; };
		56BE888D2C2366C1005EFED9 /* AnimatedGradientView.swift in Sources */ = {isa = PBXBuildFile; fileRef = 56BE888C2C2366C1005EFED9 /* AnimatedGradientView.swift */; };
		56BE88932C238D53005EFED9 /* ScrollOffsetPreferenceKey.swift in Sources */ = {isa = PBXBuildFile; fileRef = 56BE88922C238D53005EFED9 /* ScrollOffsetPreferenceKey.swift */; };
		56BE889A2C24AE9B005EFED9 /* ActionMultilineButton.swift in Sources */ = {isa = PBXBuildFile; fileRef = 56BE88992C24AE9B005EFED9 /* ActionMultilineButton.swift */; };
		56BE889D2C24BCDC005EFED9 /* ActionSheetView.swift in Sources */ = {isa = PBXBuildFile; fileRef = 56BE889C2C24BCDC005EFED9 /* ActionSheetView.swift */; };
		56BE889F2C24C5B4005EFED9 /* ActionCancelButton.swift in Sources */ = {isa = PBXBuildFile; fileRef = 56BE889E2C24C5B4005EFED9 /* ActionCancelButton.swift */; };
		56BE88A12C24C6ED005EFED9 /* ActionButton.swift in Sources */ = {isa = PBXBuildFile; fileRef = 56BE88A02C24C6ED005EFED9 /* ActionButton.swift */; };
		56BE88A32C25FBA4005EFED9 /* ActionDialogButton.swift in Sources */ = {isa = PBXBuildFile; fileRef = 56BE88A22C25FBA4005EFED9 /* ActionDialogButton.swift */; };
		56BE88A52C260C3E005EFED9 /* Alignment+Hashable.swift in Sources */ = {isa = PBXBuildFile; fileRef = 56BE88A42C260C3E005EFED9 /* Alignment+Hashable.swift */; };
		56BE88A72C260E22005EFED9 /* PreviewData.swift in Sources */ = {isa = PBXBuildFile; fileRef = 56BE88A62C260E22005EFED9 /* PreviewData.swift */; };
		56BE88A92C262A59005EFED9 /* OverlayView.swift in Sources */ = {isa = PBXBuildFile; fileRef = 56BE88A82C262A59005EFED9 /* OverlayView.swift */; };
		56FAD6102C27C3A2006CD568 /* TabBarView.swift in Sources */ = {isa = PBXBuildFile; fileRef = 56FAD60F2C27C3A2006CD568 /* TabBarView.swift */; };
		56FAD6132C27C446006CD568 /* TabItem.swift in Sources */ = {isa = PBXBuildFile; fileRef = 56FAD6122C27C446006CD568 /* TabItem.swift */; };
		56FAD6152C27C554006CD568 /* TabItemView.swift in Sources */ = {isa = PBXBuildFile; fileRef = 56FAD6142C27C554006CD568 /* TabItemView.swift */; };
		56FAD63D2C2A52D7006CD568 /* AppDelegate.swift in Sources */ = {isa = PBXBuildFile; fileRef = 56FAD63C2C2A52D7006CD568 /* AppDelegate.swift */; };
		56FAD63F2C2A566D006CD568 /* SceneDelegate.swift in Sources */ = {isa = PBXBuildFile; fileRef = 56FAD63E2C2A566D006CD568 /* SceneDelegate.swift */; };
		56FAD6422C2A6385006CD568 /* Coordination.swift in Sources */ = {isa = PBXBuildFile; fileRef = 56FAD6412C2A6385006CD568 /* Coordination.swift */; };
		56FAD6442C2A63B6006CD568 /* AppCoordinator.swift in Sources */ = {isa = PBXBuildFile; fileRef = 56FAD6432C2A63B6006CD568 /* AppCoordinator.swift */; };
		56FAD6462C2A64B7006CD568 /* OnboardingCoordinator.swift in Sources */ = {isa = PBXBuildFile; fileRef = 56FAD6452C2A64B7006CD568 /* OnboardingCoordinator.swift */; };
		56FAD6482C2A64E3006CD568 /* MainCoordinator.swift in Sources */ = {isa = PBXBuildFile; fileRef = 56FAD6472C2A64E3006CD568 /* MainCoordinator.swift */; };
		56FAD64E2C2A6BB6006CD568 /* HomeTabViewModel.swift in Sources */ = {isa = PBXBuildFile; fileRef = 56FAD64D2C2A6BB6006CD568 /* HomeTabViewModel.swift */; };
		56FAD6512C2A6E18006CD568 /* MainTabViewModel.swift in Sources */ = {isa = PBXBuildFile; fileRef = 56FAD6502C2A6E18006CD568 /* MainTabViewModel.swift */; };
		56FAD6532C2B4CF0006CD568 /* CalendarTabViewModel.swift in Sources */ = {isa = PBXBuildFile; fileRef = 56FAD6522C2B4CF0006CD568 /* CalendarTabViewModel.swift */; };
		56FAD6552C2B4D12006CD568 /* WorkoutsTabViewModel.swift in Sources */ = {isa = PBXBuildFile; fileRef = 56FAD6542C2B4D12006CD568 /* WorkoutsTabViewModel.swift */; };
		56FAD65D2C2B5C7B006CD568 /* ActionSheetViewModel.swift in Sources */ = {isa = PBXBuildFile; fileRef = 56FAD65C2C2B5C7B006CD568 /* ActionSheetViewModel.swift */; };
		56FAD65F2C2B7B1D006CD568 /* DialogCoordination.swift in Sources */ = {isa = PBXBuildFile; fileRef = 56FAD65E2C2B7B1D006CD568 /* DialogCoordination.swift */; };
		56FAD6642C2D0E68006CD568 /* ActionSheet+Builder.swift in Sources */ = {isa = PBXBuildFile; fileRef = 56FAD6632C2D0E68006CD568 /* ActionSheet+Builder.swift */; };
		56FAD6682C2DE514006CD568 /* UserDefaultsKey.swift in Sources */ = {isa = PBXBuildFile; fileRef = 56FAD6672C2DE514006CD568 /* UserDefaultsKey.swift */; };
		56FAD66A2C2DE54D006CD568 /* UserDefaults+Extension.swift in Sources */ = {isa = PBXBuildFile; fileRef = 56FAD6692C2DE54D006CD568 /* UserDefaults+Extension.swift */; };
/* End PBXBuildFile section */

/* Begin PBXFileReference section */
		56049F502C33A0E2008728A5 /* DayPlan.swift */ = {isa = PBXFileReference; lastKnownFileType = sourcecode.swift; path = DayPlan.swift; sourceTree = "<group>"; };
		56049F552C34845A008728A5 /* WorkoutBuilderView.swift */ = {isa = PBXFileReference; lastKnownFileType = sourcecode.swift; path = WorkoutBuilderView.swift; sourceTree = "<group>"; };
		56049F572C3485DC008728A5 /* Montserrat-SemiBold.ttf */ = {isa = PBXFileReference; lastKnownFileType = file; path = "Montserrat-SemiBold.ttf"; sourceTree = "<group>"; };
		56049F592C348AA4008728A5 /* WorkoutBuilderViewModel.swift */ = {isa = PBXFileReference; lastKnownFileType = sourcecode.swift; path = WorkoutBuilderViewModel.swift; sourceTree = "<group>"; };
		56049F5F2C34B3EB008728A5 /* Cabin-Bold.ttf */ = {isa = PBXFileReference; lastKnownFileType = file; path = "Cabin-Bold.ttf"; sourceTree = "<group>"; };
		56049F632C35CA07008728A5 /* AddExerciseCell.swift */ = {isa = PBXFileReference; lastKnownFileType = sourcecode.swift; path = AddExerciseCell.swift; sourceTree = "<group>"; };
		56049F652C35CF9B008728A5 /* ExerciseCell.swift */ = {isa = PBXFileReference; lastKnownFileType = sourcecode.swift; path = ExerciseCell.swift; sourceTree = "<group>"; };
		56049F672C35D48E008728A5 /* Exercise.swift */ = {isa = PBXFileReference; lastKnownFileType = sourcecode.swift; path = Exercise.swift; sourceTree = "<group>"; };
		56049F692C35F649008728A5 /* MainCoordination.swift */ = {isa = PBXFileReference; lastKnownFileType = sourcecode.swift; path = MainCoordination.swift; sourceTree = "<group>"; };
		56049F6D2C41F103008728A5 /* ValueSubject.swift */ = {isa = PBXFileReference; lastKnownFileType = sourcecode.swift; path = ValueSubject.swift; sourceTree = "<group>"; };
		56049F6F2C41F43C008728A5 /* ValueSubject+Extensions.swift */ = {isa = PBXFileReference; lastKnownFileType = sourcecode.swift; path = "ValueSubject+Extensions.swift"; sourceTree = "<group>"; };
		56049FC92C45C7F4008728A5 /* NavigationBar+Modifier.swift */ = {isa = PBXFileReference; lastKnownFileType = sourcecode.swift; path = "NavigationBar+Modifier.swift"; sourceTree = "<group>"; };
		56049FCB2C45CDA4008728A5 /* VoidClosure.swift */ = {isa = PBXFileReference; lastKnownFileType = sourcecode.swift; path = VoidClosure.swift; sourceTree = "<group>"; };
		56049FCE2C4617CC008728A5 /* ExerciseSelectorView.swift */ = {isa = PBXFileReference; lastKnownFileType = sourcecode.swift; path = ExerciseSelectorView.swift; sourceTree = "<group>"; };
		56049FD02C4617DA008728A5 /* ExerciseSelectorViewModel.swift */ = {isa = PBXFileReference; lastKnownFileType = sourcecode.swift; path = ExerciseSelectorViewModel.swift; sourceTree = "<group>"; };
		56049FD32C46FB7A008728A5 /* SearchBar.swift */ = {isa = PBXFileReference; lastKnownFileType = sourcecode.swift; path = SearchBar.swift; sourceTree = "<group>"; };
		56049FD72C47473B008728A5 /* FilterButton.swift */ = {isa = PBXFileReference; lastKnownFileType = sourcecode.swift; path = FilterButton.swift; sourceTree = "<group>"; };
		5604D04F2C2F4651006B8BE6 /* InfiniteScroll.swift */ = {isa = PBXFileReference; fileEncoding = 4; lastKnownFileType = sourcecode.swift; path = InfiniteScroll.swift; sourceTree = "<group>"; };
		5604D0502C2F4651006B8BE6 /* AutoInfiniteScroll.swift */ = {isa = PBXFileReference; fileEncoding = 4; lastKnownFileType = sourcecode.swift; path = AutoInfiniteScroll.swift; sourceTree = "<group>"; };
		5604D0542C2F4B22006B8BE6 /* HuggingGeometryModifier.swift */ = {isa = PBXFileReference; lastKnownFileType = sourcecode.swift; path = HuggingGeometryModifier.swift; sourceTree = "<group>"; };
		5604D0562C3343E7006B8BE6 /* DayPlanCell.swift */ = {isa = PBXFileReference; lastKnownFileType = sourcecode.swift; path = DayPlanCell.swift; sourceTree = "<group>"; };
		5604D0582C33483F006B8BE6 /* Cabin-SemiBold.ttf */ = {isa = PBXFileReference; lastKnownFileType = file; path = "Cabin-SemiBold.ttf"; sourceTree = "<group>"; };
		5604D05A2C334BE2006B8BE6 /* Date+Extensions.swift */ = {isa = PBXFileReference; lastKnownFileType = sourcecode.swift; path = "Date+Extensions.swift"; sourceTree = "<group>"; };
		565BA4622AF445D700A1E4AA /* Font+Fonts.swift */ = {isa = PBXFileReference; lastKnownFileType = sourcecode.swift; path = "Font+Fonts.swift"; sourceTree = "<group>"; };
		566C0B8D2C1A38B600C4AF95 /* Assets.xcassets */ = {isa = PBXFileReference; lastKnownFileType = folder.assetcatalog; path = Assets.xcassets; sourceTree = "<group>"; };
		566C0B902C1A3C3E00C4AF95 /* Image+Resources.swift */ = {isa = PBXFileReference; lastKnownFileType = sourcecode.swift; path = "Image+Resources.swift"; sourceTree = "<group>"; };
		566C0B942C1A420700C4AF95 /* WorkoutsTabView.swift */ = {isa = PBXFileReference; lastKnownFileType = sourcecode.swift; path = WorkoutsTabView.swift; sourceTree = "<group>"; };
		566D86332AEE158300293167 /* FitPlayground.app */ = {isa = PBXFileReference; explicitFileType = wrapper.application; includeInIndex = 0; path = FitPlayground.app; sourceTree = BUILT_PRODUCTS_DIR; };
		566D86382AEE158300293167 /* MainTabView.swift */ = {isa = PBXFileReference; lastKnownFileType = sourcecode.swift; path = MainTabView.swift; sourceTree = "<group>"; };
		566D863A2AEE158500293167 /* ColorPalette.xcassets */ = {isa = PBXFileReference; lastKnownFileType = folder.assetcatalog; path = ColorPalette.xcassets; sourceTree = "<group>"; };
		566D863D2AEE158500293167 /* Preview Assets.xcassets */ = {isa = PBXFileReference; lastKnownFileType = folder.assetcatalog; path = "Preview Assets.xcassets"; sourceTree = "<group>"; };
		566D86462AEE1E5800293167 /* CalendarTabView.swift */ = {isa = PBXFileReference; lastKnownFileType = sourcecode.swift; path = CalendarTabView.swift; sourceTree = "<group>"; };
		566D86492AEE1E7000293167 /* HomeTabView.swift */ = {isa = PBXFileReference; lastKnownFileType = sourcecode.swift; path = HomeTabView.swift; sourceTree = "<group>"; };
		566D86522AEE224800293167 /* String+Localization.swift */ = {isa = PBXFileReference; lastKnownFileType = sourcecode.swift; path = "String+Localization.swift"; sourceTree = "<group>"; };
		566D86572AEE256400293167 /* en */ = {isa = PBXFileReference; lastKnownFileType = text.plist.strings; name = en; path = en.lproj/Localizable.strings; sourceTree = "<group>"; };
		56BE88682C1B86AC005EFED9 /* Montserrat-ExtraBold.ttf */ = {isa = PBXFileReference; lastKnownFileType = file; path = "Montserrat-ExtraBold.ttf"; sourceTree = "<group>"; };
		56BE886A2C1B86CD005EFED9 /* Info.plist */ = {isa = PBXFileReference; lastKnownFileType = text.plist.xml; path = Info.plist; sourceTree = "<group>"; };
		56BE886C2C1B8D36005EFED9 /* WorkoutCell.swift */ = {isa = PBXFileReference; lastKnownFileType = sourcecode.swift; path = WorkoutCell.swift; sourceTree = "<group>"; };
		56BE886E2C1B9231005EFED9 /* Cabin-Medium.ttf */ = {isa = PBXFileReference; lastKnownFileType = file; path = "Cabin-Medium.ttf"; sourceTree = "<group>"; };
		56BE88702C1B9FD3005EFED9 /* Workout.swift */ = {isa = PBXFileReference; lastKnownFileType = sourcecode.swift; path = Workout.swift; sourceTree = "<group>"; };
		56BE88722C1BA035005EFED9 /* MuscleGroup.swift */ = {isa = PBXFileReference; lastKnownFileType = sourcecode.swift; path = MuscleGroup.swift; sourceTree = "<group>"; };
		56BE88742C1CC92A005EFED9 /* WorkoutStatus.swift */ = {isa = PBXFileReference; lastKnownFileType = sourcecode.swift; path = WorkoutStatus.swift; sourceTree = "<group>"; };
		56BE88762C1CCAE4005EFED9 /* WorkoutStatus+Extension.swift */ = {isa = PBXFileReference; lastKnownFileType = sourcecode.swift; path = "WorkoutStatus+Extension.swift"; sourceTree = "<group>"; };
		56BE88782C1CCBB3005EFED9 /* Color+Resources.swift */ = {isa = PBXFileReference; lastKnownFileType = sourcecode.swift; path = "Color+Resources.swift"; sourceTree = "<group>"; };
		56BE887A2C20C622005EFED9 /* AddWorkoutCell.swift */ = {isa = PBXFileReference; lastKnownFileType = sourcecode.swift; path = AddWorkoutCell.swift; sourceTree = "<group>"; };
		56BE887F2C20D207005EFED9 /* StyleManager.swift */ = {isa = PBXFileReference; lastKnownFileType = sourcecode.swift; path = StyleManager.swift; sourceTree = "<group>"; };
		56BE88812C21F522005EFED9 /* Cabin-Regular.ttf */ = {isa = PBXFileReference; lastKnownFileType = file; path = "Cabin-Regular.ttf"; sourceTree = "<group>"; };
		56BE88832C21F66F005EFED9 /* Montserrat-Bold.ttf */ = {isa = PBXFileReference; lastKnownFileType = file; path = "Montserrat-Bold.ttf"; sourceTree = "<group>"; };
		56BE88892C221F56005EFED9 /* View+Extensions.swift */ = {isa = PBXFileReference; lastKnownFileType = sourcecode.swift; path = "View+Extensions.swift"; sourceTree = "<group>"; };
		56BE888C2C2366C1005EFED9 /* AnimatedGradientView.swift */ = {isa = PBXFileReference; lastKnownFileType = sourcecode.swift; path = AnimatedGradientView.swift; sourceTree = "<group>"; };
		56BE88922C238D53005EFED9 /* ScrollOffsetPreferenceKey.swift */ = {isa = PBXFileReference; lastKnownFileType = sourcecode.swift; path = ScrollOffsetPreferenceKey.swift; sourceTree = "<group>"; };
		56BE88992C24AE9B005EFED9 /* ActionMultilineButton.swift */ = {isa = PBXFileReference; lastKnownFileType = sourcecode.swift; path = ActionMultilineButton.swift; sourceTree = "<group>"; };
		56BE889C2C24BCDC005EFED9 /* ActionSheetView.swift */ = {isa = PBXFileReference; lastKnownFileType = sourcecode.swift; path = ActionSheetView.swift; sourceTree = "<group>"; };
		56BE889E2C24C5B4005EFED9 /* ActionCancelButton.swift */ = {isa = PBXFileReference; lastKnownFileType = sourcecode.swift; path = ActionCancelButton.swift; sourceTree = "<group>"; };
		56BE88A02C24C6ED005EFED9 /* ActionButton.swift */ = {isa = PBXFileReference; lastKnownFileType = sourcecode.swift; path = ActionButton.swift; sourceTree = "<group>"; };
		56BE88A22C25FBA4005EFED9 /* ActionDialogButton.swift */ = {isa = PBXFileReference; lastKnownFileType = sourcecode.swift; path = ActionDialogButton.swift; sourceTree = "<group>"; };
		56BE88A42C260C3E005EFED9 /* Alignment+Hashable.swift */ = {isa = PBXFileReference; lastKnownFileType = sourcecode.swift; path = "Alignment+Hashable.swift"; sourceTree = "<group>"; };
		56BE88A62C260E22005EFED9 /* PreviewData.swift */ = {isa = PBXFileReference; lastKnownFileType = sourcecode.swift; path = PreviewData.swift; sourceTree = "<group>"; };
		56BE88A82C262A59005EFED9 /* OverlayView.swift */ = {isa = PBXFileReference; lastKnownFileType = sourcecode.swift; path = OverlayView.swift; sourceTree = "<group>"; };
		56FAD60F2C27C3A2006CD568 /* TabBarView.swift */ = {isa = PBXFileReference; lastKnownFileType = sourcecode.swift; path = TabBarView.swift; sourceTree = "<group>"; };
		56FAD6122C27C446006CD568 /* TabItem.swift */ = {isa = PBXFileReference; lastKnownFileType = sourcecode.swift; path = TabItem.swift; sourceTree = "<group>"; };
		56FAD6142C27C554006CD568 /* TabItemView.swift */ = {isa = PBXFileReference; lastKnownFileType = sourcecode.swift; path = TabItemView.swift; sourceTree = "<group>"; };
		56FAD63C2C2A52D7006CD568 /* AppDelegate.swift */ = {isa = PBXFileReference; lastKnownFileType = sourcecode.swift; path = AppDelegate.swift; sourceTree = "<group>"; };
		56FAD63E2C2A566D006CD568 /* SceneDelegate.swift */ = {isa = PBXFileReference; lastKnownFileType = sourcecode.swift; path = SceneDelegate.swift; sourceTree = "<group>"; };
		56FAD6412C2A6385006CD568 /* Coordination.swift */ = {isa = PBXFileReference; lastKnownFileType = sourcecode.swift; path = Coordination.swift; sourceTree = "<group>"; };
		56FAD6432C2A63B6006CD568 /* AppCoordinator.swift */ = {isa = PBXFileReference; lastKnownFileType = sourcecode.swift; path = AppCoordinator.swift; sourceTree = "<group>"; };
		56FAD6452C2A64B7006CD568 /* OnboardingCoordinator.swift */ = {isa = PBXFileReference; lastKnownFileType = sourcecode.swift; path = OnboardingCoordinator.swift; sourceTree = "<group>"; };
		56FAD6472C2A64E3006CD568 /* MainCoordinator.swift */ = {isa = PBXFileReference; lastKnownFileType = sourcecode.swift; path = MainCoordinator.swift; sourceTree = "<group>"; };
		56FAD64D2C2A6BB6006CD568 /* HomeTabViewModel.swift */ = {isa = PBXFileReference; lastKnownFileType = sourcecode.swift; path = HomeTabViewModel.swift; sourceTree = "<group>"; };
		56FAD6502C2A6E18006CD568 /* MainTabViewModel.swift */ = {isa = PBXFileReference; lastKnownFileType = sourcecode.swift; path = MainTabViewModel.swift; sourceTree = "<group>"; };
		56FAD6522C2B4CF0006CD568 /* CalendarTabViewModel.swift */ = {isa = PBXFileReference; lastKnownFileType = sourcecode.swift; path = CalendarTabViewModel.swift; sourceTree = "<group>"; };
		56FAD6542C2B4D12006CD568 /* WorkoutsTabViewModel.swift */ = {isa = PBXFileReference; lastKnownFileType = sourcecode.swift; path = WorkoutsTabViewModel.swift; sourceTree = "<group>"; };
		56FAD65C2C2B5C7B006CD568 /* ActionSheetViewModel.swift */ = {isa = PBXFileReference; lastKnownFileType = sourcecode.swift; path = ActionSheetViewModel.swift; sourceTree = "<group>"; };
		56FAD65E2C2B7B1D006CD568 /* DialogCoordination.swift */ = {isa = PBXFileReference; lastKnownFileType = sourcecode.swift; path = DialogCoordination.swift; sourceTree = "<group>"; };
		56FAD6632C2D0E68006CD568 /* ActionSheet+Builder.swift */ = {isa = PBXFileReference; lastKnownFileType = sourcecode.swift; path = "ActionSheet+Builder.swift"; sourceTree = "<group>"; };
		56FAD6672C2DE514006CD568 /* UserDefaultsKey.swift */ = {isa = PBXFileReference; lastKnownFileType = sourcecode.swift; path = UserDefaultsKey.swift; sourceTree = "<group>"; };
		56FAD6692C2DE54D006CD568 /* UserDefaults+Extension.swift */ = {isa = PBXFileReference; lastKnownFileType = sourcecode.swift; path = "UserDefaults+Extension.swift"; sourceTree = "<group>"; };
/* End PBXFileReference section */

/* Begin PBXFrameworksBuildPhase section */
		566D86302AEE158300293167 /* Frameworks */ = {
			isa = PBXFrameworksBuildPhase;
			buildActionMask = 2147483647;
			files = (
			);
			runOnlyForDeploymentPostprocessing = 0;
		};
/* End PBXFrameworksBuildPhase section */

/* Begin PBXGroup section */
		56049F522C34841D008728A5 /* WorkoutBuilder */ = {
			isa = PBXGroup;
			children = (
				56049F552C34845A008728A5 /* WorkoutBuilderView.swift */,
			);
			path = WorkoutBuilder;
			sourceTree = "<group>";
		};
		56049FCD2C4617B2008728A5 /* ExerciseSelector */ = {
			isa = PBXGroup;
			children = (
				56049FCE2C4617CC008728A5 /* ExerciseSelectorView.swift */,
			);
			path = ExerciseSelector;
			sourceTree = "<group>";
		};
		56049FD22C46FB69008728A5 /* SearchBar */ = {
			isa = PBXGroup;
			children = (
				56049FD32C46FB7A008728A5 /* SearchBar.swift */,
			);
			path = SearchBar;
			sourceTree = "<group>";
		};
		5604D04E2C2F4604006B8BE6 /* InfiniteScroll */ = {
			isa = PBXGroup;
			children = (
				5604D0502C2F4651006B8BE6 /* AutoInfiniteScroll.swift */,
				5604D04F2C2F4651006B8BE6 /* InfiniteScroll.swift */,
			);
			path = InfiniteScroll;
			sourceTree = "<group>";
		};
		5604D0532C2F4B0E006B8BE6 /* Modifiers */ = {
			isa = PBXGroup;
			children = (
				5604D0542C2F4B22006B8BE6 /* HuggingGeometryModifier.swift */,
				56049FC92C45C7F4008728A5 /* NavigationBar+Modifier.swift */,
			);
			path = Modifiers;
			sourceTree = "<group>";
		};
		565BA4612AF445C600A1E4AA /* Fonts */ = {
			isa = PBXGroup;
			children = (
				565BA4622AF445D700A1E4AA /* Font+Fonts.swift */,
				56BE88682C1B86AC005EFED9 /* Montserrat-ExtraBold.ttf */,
				56BE88832C21F66F005EFED9 /* Montserrat-Bold.ttf */,
				56049F572C3485DC008728A5 /* Montserrat-SemiBold.ttf */,
				56049F5F2C34B3EB008728A5 /* Cabin-Bold.ttf */,
				5604D0582C33483F006B8BE6 /* Cabin-SemiBold.ttf */,
				56BE886E2C1B9231005EFED9 /* Cabin-Medium.ttf */,
				56BE88812C21F522005EFED9 /* Cabin-Regular.ttf */,
			);
			path = Fonts;
			sourceTree = "<group>";
		};
		566C0B7E2C1A248E00C4AF95 /* App */ = {
			isa = PBXGroup;
			children = (
				56FAD6402C2A6378006CD568 /* Coordination */,
				56FAD6622C2D0BA3006CD568 /* Composition */,
				56FAD63C2C2A52D7006CD568 /* AppDelegate.swift */,
				56FAD63E2C2A566D006CD568 /* SceneDelegate.swift */,
			);
			path = App;
			sourceTree = "<group>";
		};
		566C0B7F2C1A24C300C4AF95 /* Models */ = {
			isa = PBXGroup;
			children = (
				566C0B802C1A24D000C4AF95 /* CoreData */,
				566C0B812C1A24D900C4AF95 /* DataModels */,
			);
			path = Models;
			sourceTree = "<group>";
		};
		566C0B802C1A24D000C4AF95 /* CoreData */ = {
			isa = PBXGroup;
			children = (
			);
			path = CoreData;
			sourceTree = "<group>";
		};
		566C0B812C1A24D900C4AF95 /* DataModels */ = {
			isa = PBXGroup;
			children = (
				56BE88702C1B9FD3005EFED9 /* Workout.swift */,
				56049F672C35D48E008728A5 /* Exercise.swift */,
				56BE88722C1BA035005EFED9 /* MuscleGroup.swift */,
				56BE88742C1CC92A005EFED9 /* WorkoutStatus.swift */,
				56BE88762C1CCAE4005EFED9 /* WorkoutStatus+Extension.swift */,
				56049F502C33A0E2008728A5 /* DayPlan.swift */,
			);
			path = DataModels;
			sourceTree = "<group>";
		};
		566C0B822C1A24EB00C4AF95 /* Components */ = {
			isa = PBXGroup;
			children = (
				56049FD22C46FB69008728A5 /* SearchBar */,
				5604D04E2C2F4604006B8BE6 /* InfiniteScroll */,
				56FAD6112C27C439006CD568 /* TabBar */,
				56BE88982C24AE7A005EFED9 /* Buttons */,
				56BE886B2C1B8D0B005EFED9 /* Cells */,
				56BE889B2C24BAB7005EFED9 /* Dialogs */,
				56BE888B2C236695005EFED9 /* Views */,
			);
			path = Components;
			sourceTree = "<group>";
		};
		566C0B832C1A24F800C4AF95 /* Screens */ = {
			isa = PBXGroup;
			children = (
				56FAD64F2C2A6E02006CD568 /* MainTab */,
				566D86482AEE1E6300293167 /* HomeTab */,
				566D86452AEE1D8700293167 /* CalendarTab */,
				566C0B922C1A3F9D00C4AF95 /* WorkoutsTab */,
				56049F522C34841D008728A5 /* WorkoutBuilder */,
				56049FCD2C4617B2008728A5 /* ExerciseSelector */,
			);
			path = Screens;
			sourceTree = "<group>";
		};
		566C0B852C1A252B00C4AF95 /* Services */ = {
			isa = PBXGroup;
			children = (
				566C0B872C1A254200C4AF95 /* UserDefaults */,
				566C0B862C1A253700C4AF95 /* Networking */,
			);
			path = Services;
			sourceTree = "<group>";
		};
		566C0B862C1A253700C4AF95 /* Networking */ = {
			isa = PBXGroup;
			children = (
			);
			path = Networking;
			sourceTree = "<group>";
		};
		566C0B872C1A254200C4AF95 /* UserDefaults */ = {
			isa = PBXGroup;
			children = (
				56FAD6672C2DE514006CD568 /* UserDefaultsKey.swift */,
				56FAD6692C2DE54D006CD568 /* UserDefaults+Extension.swift */,
			);
			path = UserDefaults;
			sourceTree = "<group>";
		};
		566C0B882C1A255400C4AF95 /* Utilities */ = {
			isa = PBXGroup;
			children = (
				5604D0532C2F4B0E006B8BE6 /* Modifiers */,
				566C0B892C1A255C00C4AF95 /* Extensions */,
				566C0B8A2C1A256500C4AF95 /* Helpers */,
			);
			path = Utilities;
			sourceTree = "<group>";
		};
		566C0B892C1A255C00C4AF95 /* Extensions */ = {
			isa = PBXGroup;
			children = (
				56BE88892C221F56005EFED9 /* View+Extensions.swift */,
				5604D05A2C334BE2006B8BE6 /* Date+Extensions.swift */,
				56049F6F2C41F43C008728A5 /* ValueSubject+Extensions.swift */,
			);
			path = Extensions;
			sourceTree = "<group>";
		};
		566C0B8A2C1A256500C4AF95 /* Helpers */ = {
			isa = PBXGroup;
			children = (
				56BE88922C238D53005EFED9 /* ScrollOffsetPreferenceKey.swift */,
				56BE88A42C260C3E005EFED9 /* Alignment+Hashable.swift */,
				56049F6D2C41F103008728A5 /* ValueSubject.swift */,
				56049FCB2C45CDA4008728A5 /* VoidClosure.swift */,
			);
			path = Helpers;
			sourceTree = "<group>";
		};
		566C0B8B2C1A256F00C4AF95 /* Tests */ = {
			isa = PBXGroup;
			children = (
			);
			path = Tests;
			sourceTree = "<group>";
		};
		566C0B8F2C1A3B1A00C4AF95 /* Images */ = {
			isa = PBXGroup;
			children = (
				566C0B902C1A3C3E00C4AF95 /* Image+Resources.swift */,
			);
			path = Images;
			sourceTree = "<group>";
		};
		566C0B922C1A3F9D00C4AF95 /* WorkoutsTab */ = {
			isa = PBXGroup;
			children = (
				566C0B942C1A420700C4AF95 /* WorkoutsTabView.swift */,
			);
			path = WorkoutsTab;
			sourceTree = "<group>";
		};
		566D862A2AEE158300293167 = {
			isa = PBXGroup;
			children = (
				566D86352AEE158300293167 /* FitPlayground */,
				566D86342AEE158300293167 /* Products */,
			);
			sourceTree = "<group>";
		};
		566D86342AEE158300293167 /* Products */ = {
			isa = PBXGroup;
			children = (
				566D86332AEE158300293167 /* FitPlayground.app */,
			);
			name = Products;
			sourceTree = "<group>";
		};
		566D86352AEE158300293167 /* FitPlayground */ = {
			isa = PBXGroup;
			children = (
				566C0B7E2C1A248E00C4AF95 /* App */,
				566D864B2AEE209E00293167 /* Resources */,
				566C0B7F2C1A24C300C4AF95 /* Models */,
				566D86442AEE1C8B00293167 /* Views */,
				56FAD64C2C2A6BA3006CD568 /* ViewModels */,
				566C0B852C1A252B00C4AF95 /* Services */,
				566C0B882C1A255400C4AF95 /* Utilities */,
				566C0B8B2C1A256F00C4AF95 /* Tests */,
			);
			path = FitPlayground;
			sourceTree = "<group>";
		};
		566D863C2AEE158500293167 /* Preview Content */ = {
			isa = PBXGroup;
			children = (
				566D863D2AEE158500293167 /* Preview Assets.xcassets */,
				56BE88A62C260E22005EFED9 /* PreviewData.swift */,
			);
			path = "Preview Content";
			sourceTree = "<group>";
		};
		566D86442AEE1C8B00293167 /* Views */ = {
			isa = PBXGroup;
			children = (
				566C0B832C1A24F800C4AF95 /* Screens */,
				566C0B822C1A24EB00C4AF95 /* Components */,
			);
			path = Views;
			sourceTree = "<group>";
		};
		566D86452AEE1D8700293167 /* CalendarTab */ = {
			isa = PBXGroup;
			children = (
				566D86462AEE1E5800293167 /* CalendarTabView.swift */,
			);
			path = CalendarTab;
			sourceTree = "<group>";
		};
		566D86482AEE1E6300293167 /* HomeTab */ = {
			isa = PBXGroup;
			children = (
				566D86492AEE1E7000293167 /* HomeTabView.swift */,
			);
			path = HomeTab;
			sourceTree = "<group>";
		};
		566D864B2AEE209E00293167 /* Resources */ = {
			isa = PBXGroup;
			children = (
				56BE887E2C20D1E4005EFED9 /* Styles */,
				566C0B8F2C1A3B1A00C4AF95 /* Images */,
				566D863C2AEE158500293167 /* Preview Content */,
				565BA4612AF445C600A1E4AA /* Fonts */,
				566D865A2AF07E9200293167 /* ColorPalette */,
				566D86512AEE21D300293167 /* Localizations */,
				566C0B8D2C1A38B600C4AF95 /* Assets.xcassets */,
				56BE886A2C1B86CD005EFED9 /* Info.plist */,
			);
			path = Resources;
			sourceTree = "<group>";
		};
		566D86512AEE21D300293167 /* Localizations */ = {
			isa = PBXGroup;
			children = (
				566D86522AEE224800293167 /* String+Localization.swift */,
				566D86582AEE256400293167 /* Localizable.strings */,
			);
			path = Localizations;
			sourceTree = "<group>";
		};
		566D865A2AF07E9200293167 /* ColorPalette */ = {
			isa = PBXGroup;
			children = (
				56BE88782C1CCBB3005EFED9 /* Color+Resources.swift */,
				566D863A2AEE158500293167 /* ColorPalette.xcassets */,
			);
			path = ColorPalette;
			sourceTree = "<group>";
		};
		56BE886B2C1B8D0B005EFED9 /* Cells */ = {
			isa = PBXGroup;
			children = (
				56BE886C2C1B8D36005EFED9 /* WorkoutCell.swift */,
				56BE887A2C20C622005EFED9 /* AddWorkoutCell.swift */,
				5604D0562C3343E7006B8BE6 /* DayPlanCell.swift */,
				56049F632C35CA07008728A5 /* AddExerciseCell.swift */,
				56049F652C35CF9B008728A5 /* ExerciseCell.swift */,
			);
			path = Cells;
			sourceTree = "<group>";
		};
		56BE887E2C20D1E4005EFED9 /* Styles */ = {
			isa = PBXGroup;
			children = (
				56BE887F2C20D207005EFED9 /* StyleManager.swift */,
			);
			path = Styles;
			sourceTree = "<group>";
		};
		56BE888B2C236695005EFED9 /* Views */ = {
			isa = PBXGroup;
			children = (
				56BE888C2C2366C1005EFED9 /* AnimatedGradientView.swift */,
				56BE88A82C262A59005EFED9 /* OverlayView.swift */,
			);
			path = Views;
			sourceTree = "<group>";
		};
		56BE88982C24AE7A005EFED9 /* Buttons */ = {
			isa = PBXGroup;
			children = (
				56BE88A02C24C6ED005EFED9 /* ActionButton.swift */,
				56BE88A22C25FBA4005EFED9 /* ActionDialogButton.swift */,
				56BE88992C24AE9B005EFED9 /* ActionMultilineButton.swift */,
				56BE889E2C24C5B4005EFED9 /* ActionCancelButton.swift */,
				56049FD72C47473B008728A5 /* FilterButton.swift */,
			);
			path = Buttons;
			sourceTree = "<group>";
		};
		56BE889B2C24BAB7005EFED9 /* Dialogs */ = {
			isa = PBXGroup;
			children = (
				56BE889C2C24BCDC005EFED9 /* ActionSheetView.swift */,
			);
			path = Dialogs;
			sourceTree = "<group>";
		};
		56FAD6112C27C439006CD568 /* TabBar */ = {
			isa = PBXGroup;
			children = (
				56FAD6122C27C446006CD568 /* TabItem.swift */,
				56FAD6142C27C554006CD568 /* TabItemView.swift */,
				56FAD60F2C27C3A2006CD568 /* TabBarView.swift */,
			);
			path = TabBar;
			sourceTree = "<group>";
		};
		56FAD6402C2A6378006CD568 /* Coordination */ = {
			isa = PBXGroup;
			children = (
				56FAD6492C2A64F9006CD568 /* API */,
				56FAD6432C2A63B6006CD568 /* AppCoordinator.swift */,
				56FAD6452C2A64B7006CD568 /* OnboardingCoordinator.swift */,
				56FAD6472C2A64E3006CD568 /* MainCoordinator.swift */,
			);
			path = Coordination;
			sourceTree = "<group>";
		};
		56FAD6492C2A64F9006CD568 /* API */ = {
			isa = PBXGroup;
			children = (
				56FAD6412C2A6385006CD568 /* Coordination.swift */,
				56049F692C35F649008728A5 /* MainCoordination.swift */,
				56FAD65E2C2B7B1D006CD568 /* DialogCoordination.swift */,
			);
			path = API;
			sourceTree = "<group>";
		};
		56FAD64C2C2A6BA3006CD568 /* ViewModels */ = {
			isa = PBXGroup;
			children = (
				56FAD65A2C2B5C4D006CD568 /* MainFlow */,
				56FAD65B2C2B5C5A006CD568 /* Components */,
			);
			path = ViewModels;
			sourceTree = "<group>";
		};
		56FAD64F2C2A6E02006CD568 /* MainTab */ = {
			isa = PBXGroup;
			children = (
				566D86382AEE158300293167 /* MainTabView.swift */,
			);
			path = MainTab;
			sourceTree = "<group>";
		};
		56FAD65A2C2B5C4D006CD568 /* MainFlow */ = {
			isa = PBXGroup;
			children = (
				56FAD6502C2A6E18006CD568 /* MainTabViewModel.swift */,
				56FAD64D2C2A6BB6006CD568 /* HomeTabViewModel.swift */,
				56FAD6522C2B4CF0006CD568 /* CalendarTabViewModel.swift */,
				56FAD6542C2B4D12006CD568 /* WorkoutsTabViewModel.swift */,
				56049F592C348AA4008728A5 /* WorkoutBuilderViewModel.swift */,
				56049FD02C4617DA008728A5 /* ExerciseSelectorViewModel.swift */,
			);
			path = MainFlow;
			sourceTree = "<group>";
		};
		56FAD65B2C2B5C5A006CD568 /* Components */ = {
			isa = PBXGroup;
			children = (
				56FAD65C2C2B5C7B006CD568 /* ActionSheetViewModel.swift */,
			);
			path = Components;
			sourceTree = "<group>";
		};
		56FAD6622C2D0BA3006CD568 /* Composition */ = {
			isa = PBXGroup;
			children = (
				56FAD6632C2D0E68006CD568 /* ActionSheet+Builder.swift */,
			);
			path = Composition;
			sourceTree = "<group>";
		};
/* End PBXGroup section */

/* Begin PBXNativeTarget section */
		566D86322AEE158300293167 /* FitPlayground */ = {
			isa = PBXNativeTarget;
			buildConfigurationList = 566D86412AEE158500293167 /* Build configuration list for PBXNativeTarget "FitPlayground" */;
			buildPhases = (
				566D862F2AEE158300293167 /* Sources */,
				566D86302AEE158300293167 /* Frameworks */,
				566D86312AEE158300293167 /* Resources */,
			);
			buildRules = (
			);
			dependencies = (
			);
			name = FitPlayground;
			productName = FitPlayground;
			productReference = 566D86332AEE158300293167 /* FitPlayground.app */;
			productType = "com.apple.product-type.application";
		};
/* End PBXNativeTarget section */

/* Begin PBXProject section */
		566D862B2AEE158300293167 /* Project object */ = {
			isa = PBXProject;
			attributes = {
				BuildIndependentTargetsInParallel = 1;
				LastSwiftUpdateCheck = 1410;
				LastUpgradeCheck = 1410;
				TargetAttributes = {
					566D86322AEE158300293167 = {
						CreatedOnToolsVersion = 14.1;
					};
				};
			};
			buildConfigurationList = 566D862E2AEE158300293167 /* Build configuration list for PBXProject "FitPlayground" */;
			compatibilityVersion = "Xcode 14.0";
			developmentRegion = en;
			hasScannedForEncodings = 0;
			knownRegions = (
				en,
				Base,
			);
			mainGroup = 566D862A2AEE158300293167;
			productRefGroup = 566D86342AEE158300293167 /* Products */;
			projectDirPath = "";
			projectRoot = "";
			targets = (
				566D86322AEE158300293167 /* FitPlayground */,
			);
		};
/* End PBXProject section */

/* Begin PBXResourcesBuildPhase section */
		566D86312AEE158300293167 /* Resources */ = {
			isa = PBXResourcesBuildPhase;
			buildActionMask = 2147483647;
			files = (
				56BE88692C1B86AC005EFED9 /* Montserrat-ExtraBold.ttf in Resources */,
				56BE88822C21F522005EFED9 /* Cabin-Regular.ttf in Resources */,
				566D863E2AEE158500293167 /* Preview Assets.xcassets in Resources */,
				566D86562AEE256400293167 /* Localizable.strings in Resources */,
				56049F582C3485DC008728A5 /* Montserrat-SemiBold.ttf in Resources */,
				56BE88842C21F66F005EFED9 /* Montserrat-Bold.ttf in Resources */,
				56049F602C34B3EB008728A5 /* Cabin-Bold.ttf in Resources */,
				56BE886F2C1B9231005EFED9 /* Cabin-Medium.ttf in Resources */,
				566C0B8E2C1A38B600C4AF95 /* Assets.xcassets in Resources */,
				5604D0592C33483F006B8BE6 /* Cabin-SemiBold.ttf in Resources */,
				566D863B2AEE158500293167 /* ColorPalette.xcassets in Resources */,
			);
			runOnlyForDeploymentPostprocessing = 0;
		};
/* End PBXResourcesBuildPhase section */

/* Begin PBXSourcesBuildPhase section */
		566D862F2AEE158300293167 /* Sources */ = {
			isa = PBXSourcesBuildPhase;
			buildActionMask = 2147483647;
			files = (
				5604D0552C2F4B22006B8BE6 /* HuggingGeometryModifier.swift in Sources */,
				56FAD6442C2A63B6006CD568 /* AppCoordinator.swift in Sources */,
				5604D05B2C334BE2006B8BE6 /* Date+Extensions.swift in Sources */,
				56BE889D2C24BCDC005EFED9 /* ActionSheetView.swift in Sources */,
				56BE886D2C1B8D36005EFED9 /* WorkoutCell.swift in Sources */,
				56BE88792C1CCBB3005EFED9 /* Color+Resources.swift in Sources */,
				56FAD65F2C2B7B1D006CD568 /* DialogCoordination.swift in Sources */,
				56FAD6532C2B4CF0006CD568 /* CalendarTabViewModel.swift in Sources */,
				56FAD6152C27C554006CD568 /* TabItemView.swift in Sources */,
				56049F6E2C41F103008728A5 /* ValueSubject.swift in Sources */,
				56BE88752C1CC92A005EFED9 /* WorkoutStatus.swift in Sources */,
				56BE88A72C260E22005EFED9 /* PreviewData.swift in Sources */,
				56049F662C35CF9B008728A5 /* ExerciseCell.swift in Sources */,
				56BE88932C238D53005EFED9 /* ScrollOffsetPreferenceKey.swift in Sources */,
				56049FD42C46FB7A008728A5 /* SearchBar.swift in Sources */,
				56049FD82C47473B008728A5 /* FilterButton.swift in Sources */,
				56049FCF2C4617CC008728A5 /* ExerciseSelectorView.swift in Sources */,
				56FAD65D2C2B5C7B006CD568 /* ActionSheetViewModel.swift in Sources */,
				56FAD6482C2A64E3006CD568 /* MainCoordinator.swift in Sources */,
				566D86532AEE224900293167 /* String+Localization.swift in Sources */,
				566D86392AEE158300293167 /* MainTabView.swift in Sources */,
				56FAD66A2C2DE54D006CD568 /* UserDefaults+Extension.swift in Sources */,
				56BE88712C1B9FD4005EFED9 /* Workout.swift in Sources */,
				56BE889F2C24C5B4005EFED9 /* ActionCancelButton.swift in Sources */,
				5604D0522C2F4651006B8BE6 /* AutoInfiniteScroll.swift in Sources */,
				56BE889A2C24AE9B005EFED9 /* ActionMultilineButton.swift in Sources */,
				565BA4632AF445D700A1E4AA /* Font+Fonts.swift in Sources */,
				56049F5A2C348AA4008728A5 /* WorkoutBuilderViewModel.swift in Sources */,
				56BE888A2C221F56005EFED9 /* View+Extensions.swift in Sources */,
				56FAD6682C2DE514006CD568 /* UserDefaultsKey.swift in Sources */,
				56BE88732C1BA035005EFED9 /* MuscleGroup.swift in Sources */,
				566C0B932C1A40AE00C4AF95 /* HomeTabView.swift in Sources */,
				56BE88802C20D207005EFED9 /* StyleManager.swift in Sources */,
				56BE88A52C260C3E005EFED9 /* Alignment+Hashable.swift in Sources */,
				56FAD6642C2D0E68006CD568 /* ActionSheet+Builder.swift in Sources */,
				56049F642C35CA07008728A5 /* AddExerciseCell.swift in Sources */,
				56BE887B2C20C622005EFED9 /* AddWorkoutCell.swift in Sources */,
				56FAD64E2C2A6BB6006CD568 /* HomeTabViewModel.swift in Sources */,
				56049F512C33A0E2008728A5 /* DayPlan.swift in Sources */,
				56FAD6512C2A6E18006CD568 /* MainTabViewModel.swift in Sources */,
				5604D0512C2F4651006B8BE6 /* InfiniteScroll.swift in Sources */,
				56BE88A92C262A59005EFED9 /* OverlayView.swift in Sources */,
				56049FCA2C45C7F4008728A5 /* NavigationBar+Modifier.swift in Sources */,
				566C0B952C1A420700C4AF95 /* WorkoutsTabView.swift in Sources */,
				56FAD6132C27C446006CD568 /* TabItem.swift in Sources */,
				56FAD6422C2A6385006CD568 /* Coordination.swift in Sources */,
				56049F562C34845A008728A5 /* WorkoutBuilderView.swift in Sources */,
				56FAD63D2C2A52D7006CD568 /* AppDelegate.swift in Sources */,
				5604D0572C3343E7006B8BE6 /* DayPlanCell.swift in Sources */,
				56049FD12C4617DA008728A5 /* ExerciseSelectorViewModel.swift in Sources */,
				56FAD63F2C2A566D006CD568 /* SceneDelegate.swift in Sources */,
				56BE888D2C2366C1005EFED9 /* AnimatedGradientView.swift in Sources */,
				566D86472AEE1E5800293167 /* CalendarTabView.swift in Sources */,
				56049F6A2C35F649008728A5 /* MainCoordination.swift in Sources */,
				56BE88772C1CCAE4005EFED9 /* WorkoutStatus+Extension.swift in Sources */,
				56049F702C41F43C008728A5 /* ValueSubject+Extensions.swift in Sources */,
				56BE88A32C25FBA4005EFED9 /* ActionDialogButton.swift in Sources */,
				566C0B912C1A3C3E00C4AF95 /* Image+Resources.swift in Sources */,
				56049F682C35D48E008728A5 /* Exercise.swift in Sources */,
				56049FCC2C45CDA4008728A5 /* VoidClosure.swift in Sources */,
				56FAD6552C2B4D12006CD568 /* WorkoutsTabViewModel.swift in Sources */,
				56BE88A12C24C6ED005EFED9 /* ActionButton.swift in Sources */,
				56FAD6102C27C3A2006CD568 /* TabBarView.swift in Sources */,
				56FAD6462C2A64B7006CD568 /* OnboardingCoordinator.swift in Sources */,
			);
			runOnlyForDeploymentPostprocessing = 0;
		};
/* End PBXSourcesBuildPhase section */

/* Begin PBXVariantGroup section */
		566D86582AEE256400293167 /* Localizable.strings */ = {
			isa = PBXVariantGroup;
			children = (
				566D86572AEE256400293167 /* en */,
			);
			name = Localizable.strings;
			sourceTree = "<group>";
		};
/* End PBXVariantGroup section */

/* Begin XCBuildConfiguration section */
		566D863F2AEE158500293167 /* Debug */ = {
			isa = XCBuildConfiguration;
			buildSettings = {
				ALWAYS_SEARCH_USER_PATHS = NO;
				CLANG_ANALYZER_LOCALIZABILITY_NONLOCALIZED = YES;
				CLANG_ANALYZER_NONNULL = YES;
				CLANG_ANALYZER_NUMBER_OBJECT_CONVERSION = YES_AGGRESSIVE;
				CLANG_CXX_LANGUAGE_STANDARD = "gnu++20";
				CLANG_ENABLE_MODULES = YES;
				CLANG_ENABLE_OBJC_ARC = YES;
				CLANG_ENABLE_OBJC_WEAK = YES;
				CLANG_WARN_BLOCK_CAPTURE_AUTORELEASING = YES;
				CLANG_WARN_BOOL_CONVERSION = YES;
				CLANG_WARN_COMMA = YES;
				CLANG_WARN_CONSTANT_CONVERSION = YES;
				CLANG_WARN_DEPRECATED_OBJC_IMPLEMENTATIONS = YES;
				CLANG_WARN_DIRECT_OBJC_ISA_USAGE = YES_ERROR;
				CLANG_WARN_DOCUMENTATION_COMMENTS = YES;
				CLANG_WARN_EMPTY_BODY = YES;
				CLANG_WARN_ENUM_CONVERSION = YES;
				CLANG_WARN_INFINITE_RECURSION = YES;
				CLANG_WARN_INT_CONVERSION = YES;
				CLANG_WARN_NON_LITERAL_NULL_CONVERSION = YES;
				CLANG_WARN_OBJC_IMPLICIT_RETAIN_SELF = YES;
				CLANG_WARN_OBJC_LITERAL_CONVERSION = YES;
				CLANG_WARN_OBJC_ROOT_CLASS = YES_ERROR;
				CLANG_WARN_QUOTED_INCLUDE_IN_FRAMEWORK_HEADER = YES;
				CLANG_WARN_RANGE_LOOP_ANALYSIS = YES;
				CLANG_WARN_STRICT_PROTOTYPES = YES;
				CLANG_WARN_SUSPICIOUS_MOVE = YES;
				CLANG_WARN_UNGUARDED_AVAILABILITY = YES_AGGRESSIVE;
				CLANG_WARN_UNREACHABLE_CODE = YES;
				CLANG_WARN__DUPLICATE_METHOD_MATCH = YES;
				COPY_PHASE_STRIP = NO;
				DEBUG_INFORMATION_FORMAT = dwarf;
				ENABLE_STRICT_OBJC_MSGSEND = YES;
				ENABLE_TESTABILITY = YES;
				GCC_C_LANGUAGE_STANDARD = gnu11;
				GCC_DYNAMIC_NO_PIC = NO;
				GCC_NO_COMMON_BLOCKS = YES;
				GCC_OPTIMIZATION_LEVEL = 0;
				GCC_PREPROCESSOR_DEFINITIONS = (
					"DEBUG=1",
					"$(inherited)",
				);
				GCC_WARN_64_TO_32_BIT_CONVERSION = YES;
				GCC_WARN_ABOUT_RETURN_TYPE = YES_ERROR;
				GCC_WARN_UNDECLARED_SELECTOR = YES;
				GCC_WARN_UNINITIALIZED_AUTOS = YES_AGGRESSIVE;
				GCC_WARN_UNUSED_FUNCTION = YES;
				GCC_WARN_UNUSED_VARIABLE = YES;
				IPHONEOS_DEPLOYMENT_TARGET = 16.1;
				MTL_ENABLE_DEBUG_INFO = INCLUDE_SOURCE;
				MTL_FAST_MATH = YES;
				ONLY_ACTIVE_ARCH = YES;
				SDKROOT = iphoneos;
				SWIFT_ACTIVE_COMPILATION_CONDITIONS = DEBUG;
				SWIFT_OPTIMIZATION_LEVEL = "-Onone";
			};
			name = Debug;
		};
		566D86402AEE158500293167 /* Release */ = {
			isa = XCBuildConfiguration;
			buildSettings = {
				ALWAYS_SEARCH_USER_PATHS = NO;
				CLANG_ANALYZER_LOCALIZABILITY_NONLOCALIZED = YES;
				CLANG_ANALYZER_NONNULL = YES;
				CLANG_ANALYZER_NUMBER_OBJECT_CONVERSION = YES_AGGRESSIVE;
				CLANG_CXX_LANGUAGE_STANDARD = "gnu++20";
				CLANG_ENABLE_MODULES = YES;
				CLANG_ENABLE_OBJC_ARC = YES;
				CLANG_ENABLE_OBJC_WEAK = YES;
				CLANG_WARN_BLOCK_CAPTURE_AUTORELEASING = YES;
				CLANG_WARN_BOOL_CONVERSION = YES;
				CLANG_WARN_COMMA = YES;
				CLANG_WARN_CONSTANT_CONVERSION = YES;
				CLANG_WARN_DEPRECATED_OBJC_IMPLEMENTATIONS = YES;
				CLANG_WARN_DIRECT_OBJC_ISA_USAGE = YES_ERROR;
				CLANG_WARN_DOCUMENTATION_COMMENTS = YES;
				CLANG_WARN_EMPTY_BODY = YES;
				CLANG_WARN_ENUM_CONVERSION = YES;
				CLANG_WARN_INFINITE_RECURSION = YES;
				CLANG_WARN_INT_CONVERSION = YES;
				CLANG_WARN_NON_LITERAL_NULL_CONVERSION = YES;
				CLANG_WARN_OBJC_IMPLICIT_RETAIN_SELF = YES;
				CLANG_WARN_OBJC_LITERAL_CONVERSION = YES;
				CLANG_WARN_OBJC_ROOT_CLASS = YES_ERROR;
				CLANG_WARN_QUOTED_INCLUDE_IN_FRAMEWORK_HEADER = YES;
				CLANG_WARN_RANGE_LOOP_ANALYSIS = YES;
				CLANG_WARN_STRICT_PROTOTYPES = YES;
				CLANG_WARN_SUSPICIOUS_MOVE = YES;
				CLANG_WARN_UNGUARDED_AVAILABILITY = YES_AGGRESSIVE;
				CLANG_WARN_UNREACHABLE_CODE = YES;
				CLANG_WARN__DUPLICATE_METHOD_MATCH = YES;
				COPY_PHASE_STRIP = NO;
				DEBUG_INFORMATION_FORMAT = "dwarf-with-dsym";
				ENABLE_NS_ASSERTIONS = NO;
				ENABLE_STRICT_OBJC_MSGSEND = YES;
				GCC_C_LANGUAGE_STANDARD = gnu11;
				GCC_NO_COMMON_BLOCKS = YES;
				GCC_WARN_64_TO_32_BIT_CONVERSION = YES;
				GCC_WARN_ABOUT_RETURN_TYPE = YES_ERROR;
				GCC_WARN_UNDECLARED_SELECTOR = YES;
				GCC_WARN_UNINITIALIZED_AUTOS = YES_AGGRESSIVE;
				GCC_WARN_UNUSED_FUNCTION = YES;
				GCC_WARN_UNUSED_VARIABLE = YES;
				IPHONEOS_DEPLOYMENT_TARGET = 16.1;
				MTL_ENABLE_DEBUG_INFO = NO;
				MTL_FAST_MATH = YES;
				SDKROOT = iphoneos;
				SWIFT_COMPILATION_MODE = wholemodule;
				SWIFT_OPTIMIZATION_LEVEL = "-O";
				VALIDATE_PRODUCT = YES;
			};
			name = Release;
		};
		566D86422AEE158500293167 /* Debug */ = {
			isa = XCBuildConfiguration;
			buildSettings = {
				ASSETCATALOG_COMPILER_APPICON_NAME = AppIcon;
				ASSETCATALOG_COMPILER_GLOBAL_ACCENT_COLOR_NAME = AccentColor;
				CODE_SIGN_STYLE = Automatic;
				CURRENT_PROJECT_VERSION = 1;
				DEVELOPMENT_ASSET_PATHS = "\"FitPlayground/Resources/Preview Content\"";
				DEVELOPMENT_TEAM = 9845B57J4C;
				ENABLE_PREVIEWS = YES;
				GENERATE_INFOPLIST_FILE = YES;
				INFOPLIST_FILE = FitPlayground/Resources/Info.plist;
				INFOPLIST_KEY_UIApplicationSupportsIndirectInputEvents = YES;
				INFOPLIST_KEY_UILaunchScreen_Generation = YES;
				INFOPLIST_KEY_UIStatusBarStyle = UIStatusBarStyleDarkContent;
				INFOPLIST_KEY_UISupportedInterfaceOrientations = UIInterfaceOrientationPortrait;
				IPHONEOS_DEPLOYMENT_TARGET = 17.0;
				LD_RUNPATH_SEARCH_PATHS = (
					"$(inherited)",
					"@executable_path/Frameworks",
				);
				MARKETING_VERSION = 1.0;
				PRODUCT_BUNDLE_IDENTIFIER = com.GymApp.FitPlayground;
				PRODUCT_NAME = "$(TARGET_NAME)";
				SWIFT_EMIT_LOC_STRINGS = YES;
				SWIFT_VERSION = 5.0;
				TARGETED_DEVICE_FAMILY = "1,2";
			};
			name = Debug;
		};
		566D86432AEE158500293167 /* Release */ = {
			isa = XCBuildConfiguration;
			buildSettings = {
				ASSETCATALOG_COMPILER_APPICON_NAME = AppIcon;
				ASSETCATALOG_COMPILER_GLOBAL_ACCENT_COLOR_NAME = AccentColor;
				CODE_SIGN_STYLE = Automatic;
				CURRENT_PROJECT_VERSION = 1;
				DEVELOPMENT_ASSET_PATHS = "\"FitPlayground/Resources/Preview Content\"";
				DEVELOPMENT_TEAM = 9845B57J4C;
				ENABLE_PREVIEWS = YES;
				GENERATE_INFOPLIST_FILE = YES;
				INFOPLIST_FILE = FitPlayground/Resources/Info.plist;
				INFOPLIST_KEY_UIApplicationSupportsIndirectInputEvents = YES;
				INFOPLIST_KEY_UILaunchScreen_Generation = YES;
				INFOPLIST_KEY_UIStatusBarStyle = UIStatusBarStyleDarkContent;
				INFOPLIST_KEY_UISupportedInterfaceOrientations = UIInterfaceOrientationPortrait;
				IPHONEOS_DEPLOYMENT_TARGET = 17.0;
				LD_RUNPATH_SEARCH_PATHS = (
					"$(inherited)",
					"@executable_path/Frameworks",
				);
				MARKETING_VERSION = 1.0;
				PRODUCT_BUNDLE_IDENTIFIER = com.GymApp.FitPlayground;
				PRODUCT_NAME = "$(TARGET_NAME)";
				SWIFT_EMIT_LOC_STRINGS = YES;
				SWIFT_VERSION = 5.0;
				TARGETED_DEVICE_FAMILY = "1,2";
			};
			name = Release;
		};
/* End XCBuildConfiguration section */

/* Begin XCConfigurationList section */
		566D862E2AEE158300293167 /* Build configuration list for PBXProject "FitPlayground" */ = {
			isa = XCConfigurationList;
			buildConfigurations = (
				566D863F2AEE158500293167 /* Debug */,
				566D86402AEE158500293167 /* Release */,
			);
			defaultConfigurationIsVisible = 0;
			defaultConfigurationName = Release;
		};
		566D86412AEE158500293167 /* Build configuration list for PBXNativeTarget "FitPlayground" */ = {
			isa = XCConfigurationList;
			buildConfigurations = (
				566D86422AEE158500293167 /* Debug */,
				566D86432AEE158500293167 /* Release */,
			);
			defaultConfigurationIsVisible = 0;
			defaultConfigurationName = Release;
		};
/* End XCConfigurationList section */
	};
	rootObject = 566D862B2AEE158300293167 /* Project object */;
}
